
Microsoft Visual Studio Solution File, Format Version 12.00
# Visual Studio Version 17
VisualStudioVersion = 17.2.32526.322
MinimumVisualStudioVersion = 10.0.40219.1
Project("{2150E333-8FDC-42A3-9474-1A3956D46DE8}") = "src", "src", "{3C7A67D0-B132-4BF9-BDA8-A8863D4BDDB3}"
	ProjectSection(SolutionItems) = preProject
		ReadMe.md = ReadMe.md
	EndProjectSection
EndProject
Project("{2150E333-8FDC-42A3-9474-1A3956D46DE8}") = "tests", "tests", "{6B2A6AF1-B794-4638-94C0-1B6C65B29EF4}"
EndProject
Project("{9A19103F-16F7-4668-BE54-9A1E7A4F7556}") = "Domain", "src\Domain\Domain.csproj", "{BDD8E5C8-6973-4DEC-BD44-C84088471D5D}"
EndProject
Project("{9A19103F-16F7-4668-BE54-9A1E7A4F7556}") = "Application", "src\Application\Application.csproj", "{6E3DB06E-BB18-41BF-887F-2ED972A91E0C}"
EndProject
Project("{9A19103F-16F7-4668-BE54-9A1E7A4F7556}") = "Infrastructure", "src\Infrastructure\Infrastructure.csproj", "{7B27C350-52DD-4349-A832-4317E9CA9C5F}"
EndProject
Project("{9A19103F-16F7-4668-BE54-9A1E7A4F7556}") = "UI", "src\UI\UI.csproj", "{CF7888E5-91D2-4D71-87CF-492A13B60585}"
EndProject
Project("{FAE04EC0-301F-11D3-BF4B-00C04F79EFBC}") = "Test.Application", "tests\Test.Application\Test.Application.csproj", "{9009ECD9-9B55-4AD0-BBB5-F29612B1D2F1}"
EndProject
Project("{FAE04EC0-301F-11D3-BF4B-00C04F79EFBC}") = "Test.UI", "tests\Test.UI\Test.UI.csproj", "{EBD7CCE1-0E51-48EE-95D0-97BDB3AF1CA9}"
EndProject
Global
	GlobalSection(SolutionConfigurationPlatforms) = preSolution
		Debug|Any CPU = Debug|Any CPU
		Release|Any CPU = Release|Any CPU
	EndGlobalSection
	GlobalSection(ProjectConfigurationPlatforms) = postSolution
		{BDD8E5C8-6973-4DEC-BD44-C84088471D5D}.Debug|Any CPU.ActiveCfg = Debug|Any CPU
		{BDD8E5C8-6973-4DEC-BD44-C84088471D5D}.Debug|Any CPU.Build.0 = Debug|Any CPU
		{BDD8E5C8-6973-4DEC-BD44-C84088471D5D}.Release|Any CPU.ActiveCfg = Release|Any CPU
		{BDD8E5C8-6973-4DEC-BD44-C84088471D5D}.Release|Any CPU.Build.0 = Release|Any CPU
		{6E3DB06E-BB18-41BF-887F-2ED972A91E0C}.Debug|Any CPU.ActiveCfg = Debug|Any CPU
		{6E3DB06E-BB18-41BF-887F-2ED972A91E0C}.Debug|Any CPU.Build.0 = Debug|Any CPU
		{6E3DB06E-BB18-41BF-887F-2ED972A91E0C}.Release|Any CPU.ActiveCfg = Release|Any CPU
		{6E3DB06E-BB18-41BF-887F-2ED972A91E0C}.Release|Any CPU.Build.0 = Release|Any CPU
		{7B27C350-52DD-4349-A832-4317E9CA9C5F}.Debug|Any CPU.ActiveCfg = Debug|Any CPU
		{7B27C350-52DD-4349-A832-4317E9CA9C5F}.Debug|Any CPU.Build.0 = Debug|Any CPU
		{7B27C350-52DD-4349-A832-4317E9CA9C5F}.Release|Any CPU.ActiveCfg = Release|Any CPU
		{7B27C350-52DD-4349-A832-4317E9CA9C5F}.Release|Any CPU.Build.0 = Release|Any CPU
		{CF7888E5-91D2-4D71-87CF-492A13B60585}.Debug|Any CPU.ActiveCfg = Debug|Any CPU
		{CF7888E5-91D2-4D71-87CF-492A13B60585}.Debug|Any CPU.Build.0 = Debug|Any CPU
		{CF7888E5-91D2-4D71-87CF-492A13B60585}.Release|Any CPU.ActiveCfg = Release|Any CPU
		{CF7888E5-91D2-4D71-87CF-492A13B60585}.Release|Any CPU.Build.0 = Release|Any CPU
		{9009ECD9-9B55-4AD0-BBB5-F29612B1D2F1}.Debug|Any CPU.ActiveCfg = Debug|Any CPU
		{9009ECD9-9B55-4AD0-BBB5-F29612B1D2F1}.Debug|Any CPU.Build.0 = Debug|Any CPU
		{9009ECD9-9B55-4AD0-BBB5-F29612B1D2F1}.Release|Any CPU.ActiveCfg = Release|Any CPU
		{9009ECD9-9B55-4AD0-BBB5-F29612B1D2F1}.Release|Any CPU.Build.0 = Release|Any CPU
		{EBD7CCE1-0E51-48EE-95D0-97BDB3AF1CA9}.Debug|Any CPU.ActiveCfg = Debug|Any CPU
		{EBD7CCE1-0E51-48EE-95D0-97BDB3AF1CA9}.Debug|Any CPU.Build.0 = Debug|Any CPU
		{EBD7CCE1-0E51-48EE-95D0-97BDB3AF1CA9}.Release|Any CPU.ActiveCfg = Release|Any CPU
		{EBD7CCE1-0E51-48EE-95D0-97BDB3AF1CA9}.Release|Any CPU.Build.0 = Release|Any CPU
	EndGlobalSection
	GlobalSection(SolutionProperties) = preSolution
		HideSolutionNode = FALSE
	EndGlobalSection
	GlobalSection(NestedProjects) = preSolution
		{BDD8E5C8-6973-4DEC-BD44-C84088471D5D} = {3C7A67D0-B132-4BF9-BDA8-A8863D4BDDB3}
		{6E3DB06E-BB18-41BF-887F-2ED972A91E0C} = {3C7A67D0-B132-4BF9-BDA8-A8863D4BDDB3}
		{7B27C350-52DD-4349-A832-4317E9CA9C5F} = {3C7A67D0-B132-4BF9-BDA8-A8863D4BDDB3}
		{CF7888E5-91D2-4D71-87CF-492A13B60585} = {3C7A67D0-B132-4BF9-BDA8-A8863D4BDDB3}
		{9009ECD9-9B55-4AD0-BBB5-F29612B1D2F1} = {6B2A6AF1-B794-4638-94C0-1B6C65B29EF4}
		{EBD7CCE1-0E51-48EE-95D0-97BDB3AF1CA9} = {6B2A6AF1-B794-4638-94C0-1B6C65B29EF4}
	EndGlobalSection
	GlobalSection(ExtensibilityGlobals) = postSolution
		SolutionGuid = {2479A39A-E603-40B4-B1F4-A59E0769C529}
	EndGlobalSection
EndGlobal
